github.com/distatus/battery v0.0.0-20170521010419-916919eb43bd h1:rxw7AZpSwNgPPFdxDNSwQ+TfvOjmSGDK6tlpY7vw9bw=
github.com/distatus/battery v0.0.0-20170521010419-916919eb43bd/go.mod h1:gGO7GxHTi1zlRT+cAj8uGG0/8HFiqAeH0TJvoipnuPs=
golang.org/x/exp v0.0.0-20180321215751-8460e604b9de/go.mod h1:CJ0aWSM057203Lf6IL+f9T1iT9GByDxfZKAQTCR3kQA=
golang.org/x/exp v0.0.0-20190125153040-c74c464bbbf2 h1:y102fOLFqhV41b+4GPiJoa0k/x+pJcEi2/HB1Y5T6fU=
golang.org/x/exp v0.0.0-20190125153040-c74c464bbbf2/go.mod h1:CJ0aWSM057203Lf6IL+f9T1iT9GByDxfZKAQTCR3kQA=
golang.org/x/tools v0.0.0-20180525024113-a5b4c53f6e8b/go.mod h1:n7NCudcB/nEzxVGmLbDWY5pfWTLqBcC2KZ6jyYvM4mQ=
gonum.org/v1/gonum v0.0.0-20190210234155-db51563d4e67 h1:rG0EbCgvOS9WtdOm4WUzM+w/R0Exw6/NH4LZHT7eyfk=
gonum.org/v1/gonum v0.0.0-20190210234155-db51563d4e67/go.mod h1:Y+Yx5eoAFn32cQvJDxZx5Dpnq+c3wtXuadVZAcxbbBo=
gonum.org/v1/netlib v0.0.0-20190119082159-9be13e02fd56 h1:sWo7pRubEwovyVnbgs3VJpe4ppUGSLbu/zNPyCBXtHE=
gonum.org/v1/netlib v0.0.0-20190119082159-9be13e02fd56/go.mod h1:wa6Ws7BG/ESfp6dHfk7C6KdzKA7wR7u/rKwOGE66zvw=
